<?xml version="1.0" encoding="utf-8"?>
<Project ToolsVersion="4.0" xmlns="http://schemas.microsoft.com/developer/msbuild/2003">
  <ItemGroup>
    <Filter Include="Source Files">
      <UniqueIdentifier>{4FC737F1-C7A5-4376-A066-2A32D752A2FF}</UniqueIdentifier>
      <Extensions>cpp;c;cc;cxx;def;odl;idl;hpj;bat;asm;asmx</Extensions>
    </Filter>
    <Filter Include="Header Files">
      <UniqueIdentifier>{93995380-89BD-4b04-88EB-625FBE52EBFB}</UniqueIdentifier>
      <Extensions>h;hh;hpp;hxx;hm;inl;inc;xsd</Extensions>
    </Filter>
    <Filter Include="Resource Files">
      <UniqueIdentifier>{67DA6AB6-F800-4c08-8B7A-83BB121AAD01}</UniqueIdentifier>
      <Extensions>rc;ico;cur;bmp;dlg;rc2;rct;bin;rgs;gif;jpg;jpeg;jpe;resx;tiff;tif;png;wav;mfcribbon-ms</Extensions>
    </Filter>
  </ItemGroup>
  <ItemGroup>
    <ClCompile Include="Src\main.cpp">
      <Filter>Source Files</Filter>
    </ClCompile>
    <ClCompile Include="Src\AuraSDK\API.cpp">
      <Filter>Source Files</Filter>
    </ClCompile>
    <ClCompile Include="Src\AuraSDK\Color.cpp">
      <Filter>Source Files</Filter>
    </ClCompile>
    <ClCompile Include="Src\AuraSDK\DeviceEnumerator.cpp">
      <Filter>Source Files</Filter>
    </ClCompile>
    <ClCompile Include="Src\AuraSDK\LED.cpp">
      <Filter>Source Files</Filter>
    </ClCompile>
    <ClCompile Include="Src\AuraSDK\Device.cpp">
      <Filter>Source Files</Filter>
    </ClCompile>
    <ClCompile Include="Src\AuraSDK\GpuDevice.cpp">
      <Filter>Source Files</Filter>
    </ClCompile>
    <ClCompile Include="Src\AuraSDK\MbDevice.cpp">
      <Filter>Source Files</Filter>
    </ClCompile>
    <ClCompile Include="Src\ColorSchema\Gradient.cpp">
      <Filter>Source Files</Filter>
    </ClCompile>
    <ClCompile Include="Src\ColorSchema\LinearGradient.cpp">
      <Filter>Source Files</Filter>
    </ClCompile>
    <ClCompile Include="Src\ColorSchema\Factory.cpp">
      <Filter>Source Files</Filter>
    </ClCompile>
    <ClCompile Include="Src\ColorSchema\Rgb.cpp">
      <Filter>Source Files</Filter>
    </ClCompile>
    <ClCompile Include="Src\Syntax\Cursor.cpp">
      <Filter>Source Files</Filter>
    </ClCompile>
    <ClCompile Include="Src\Syntax\Identifier.cpp">
      <Filter>Source Files</Filter>
    </ClCompile>
    <ClCompile Include="Src\Syntax\Number.cpp">
      <Filter>Source Files</Filter>
    </ClCompile>
    <ClCompile Include="Src\Syntax\Keyword.cpp">
      <Filter>Source Files</Filter>
    </ClCompile>
    <ClCompile Include="Src\Syntax\Trigger.cpp">
      <Filter>Source Files</Filter>
    </ClCompile>
    <ClCompile Include="Src\Syntax\TokenNode.cpp">
      <Filter>Source Files</Filter>
    </ClCompile>
    <ClCompile Include="Src\ColorSchemaReader.cpp">
      <Filter>Source Files</Filter>
    </ClCompile>
    <ClCompile Include="Src\ColorSchema\RgbAdapter.cpp">
      <Filter>Source Files</Filter>
    </ClCompile>
    <ClCompile Include="Src\DeviceCaptureReader.cpp">
      <Filter>Source Files</Filter>
    </ClCompile>
    <ClCompile Include="Src\Syntax\Any.cpp">
      <Filter>Source Files</Filter>
    </ClCompile>
    <ClCompile Include="Src\DeviceCapture\AuraBinder.cpp">
      <Filter>Source Files</Filter>
    </ClCompile>
    <ClCompile Include="Src\DataSourceReader.cpp">
      <Filter>Source Files</Filter>
    </ClCompile>
    <ClCompile Include="Src\Core\Exception.cpp">
      <Filter>Source Files</Filter>
    </ClCompile>
    <ClCompile Include="Src\DataSource\NonQuotedString.cpp">
      <Filter>Source Files</Filter>
    </ClCompile>
    <ClCompile Include="Src\DataSource\QuotedString.cpp">
      <Filter>Source Files</Filter>
    </ClCompile>
    <ClCompile Include="Src\Core\GetLastErrorAsString.cpp">
      <Filter>Source Files</Filter>
    </ClCompile>
    <ClCompile Include="Src\Provider\PDH\PdhQuery.cpp">
      <Filter>Source Files</Filter>
    </ClCompile>
    <ClCompile Include="Src\Core\AutoIncrement.cpp">
      <Filter>Source Files</Filter>
    </ClCompile>
    <ClCompile Include="Src\Provider\ProviderFactory.cpp">
      <Filter>Source Files</Filter>
    </ClCompile>
    <ClCompile Include="Src\Provider\PDH\PdhAdapter.cpp">
      <Filter>Source Files</Filter>
    </ClCompile>
    <ClCompile Include="Src\CommandLinereader.cpp">
      <Filter>Source Files</Filter>
    </ClCompile>
    <ClCompile Include="Src\PdhDialog.cpp">
      <Filter>Source Files</Filter>
    </ClCompile>
    <ClCompile Include="Src\Application.cpp">
      <Filter>Source Files</Filter>
    </ClCompile>
    <ClCompile Include="Src\DynamicBacklight.cpp">
      <Filter>Source Files</Filter>
    </ClCompile>
    <ClCompile Include="Src\RangeReader.cpp">
      <Filter>Source Files</Filter>
    </ClCompile>
    <ClCompile Include="Src\ParsingError.cpp">
      <Filter>Source Files</Filter>
    </ClCompile>
    <ClCompile Include="Src\Core\Util.cpp">
      <Filter>Source Files</Filter>
    </ClCompile>
    <ClCompile Include="Src\Log\Logger.cpp">
      <Filter>Source Files</Filter>
    </ClCompile>
    <ClCompile Include="Src\Log\FileLogger.cpp">
      <Filter>Source Files</Filter>
    </ClCompile>
    <ClCompile Include="Src\Services\LoggerService.cpp">
      <Filter>Source Files</Filter>
    </ClCompile>
  </ItemGroup>
  <ItemGroup>
    <ClInclude Include="Src\AuraSDK\API.h">
      <Filter>Header Files</Filter>
    </ClInclude>
    <ClInclude Include="Src\AuraSDK\Color.h">
      <Filter>Header Files</Filter>
    </ClInclude>
    <ClInclude Include="Src\AuraSDK\LED.h">
      <Filter>Header Files</Filter>
    </ClInclude>
    <ClInclude Include="Src\AuraSDK\DeviceEnumerator.h">
      <Filter>Header Files</Filter>
    </ClInclude>
    <ClInclude Include="Src\AuraSDK\Type.h">
      <Filter>Header Files</Filter>
    </ClInclude>
    <ClInclude Include="Src\AuraSDK\Device.h">
      <Filter>Header Files</Filter>
    </ClInclude>
    <ClInclude Include="Src\AuraSDK\GpuDevice.h">
      <Filter>Header Files</Filter>
    </ClInclude>
    <ClInclude Include="Src\AuraSDK\MbDevice.h">
      <Filter>Header Files</Filter>
    </ClInclude>
    <ClInclude Include="Src\ColorSchema\Gradient.h">
      <Filter>Header Files</Filter>
    </ClInclude>
    <ClInclude Include="Src\ColorSchema\LinearGradient.h">
      <Filter>Header Files</Filter>
    </ClInclude>
    <ClInclude Include="Src\ColorSchema\Factory.h">
      <Filter>Header Files</Filter>
    </ClInclude>
    <ClInclude Include="Src\ColorSchema\Rgb.h">
      <Filter>Header Files</Filter>
    </ClInclude>
    <ClInclude Include="Src\ColorSchema\ColorModel.h">
      <Filter>Header Files</Filter>
    </ClInclude>
    <ClInclude Include="Src\Syntax\Token.h">
      <Filter>Header Files</Filter>
    </ClInclude>
    <ClInclude Include="Src\Syntax\Cursor.h">
      <Filter>Header Files</Filter>
    </ClInclude>
    <ClInclude Include="Src\Syntax\Identifier.h">
      <Filter>Header Files</Filter>
    </ClInclude>
    <ClInclude Include="Src\Syntax\Number.h">
      <Filter>Header Files</Filter>
    </ClInclude>
    <ClInclude Include="Src\Syntax\Keyword.h">
      <Filter>Header Files</Filter>
    </ClInclude>
    <ClInclude Include="Src\Syntax\Trigger.h">
      <Filter>Header Files</Filter>
    </ClInclude>
    <ClInclude Include="Src\Syntax\TokenNode.h">
      <Filter>Header Files</Filter>
    </ClInclude>
    <ClInclude Include="Src\ColorSchemaReader.h">
      <Filter>Header Files</Filter>
    </ClInclude>
    <ClInclude Include="Src\ColorSchema\AuraModelAdapter.h">
      <Filter>Header Files</Filter>
    </ClInclude>
    <ClInclude Include="Src\ColorSchema\RgbAdapter.h">
      <Filter>Header Files</Filter>
    </ClInclude>
    <ClInclude Include="Src\DeviceCaptureReader.h">
      <Filter>Header Files</Filter>
    </ClInclude>
    <ClInclude Include="Src\Syntax\Any.h">
      <Filter>Header Files</Filter>
    </ClInclude>
    <ClInclude Include="Src\DeviceCapture\CaptureUnit.h">
      <Filter>Header Files</Filter>
    </ClInclude>
    <ClInclude Include="Src\DeviceCapture\AuraBinder.h">
      <Filter>Header Files</Filter>
    </ClInclude>
    <ClInclude Include="Src\DataSourceReader.h">
      <Filter>Header Files</Filter>
    </ClInclude>
    <ClInclude Include="Src\Core\Exception.h">
      <Filter>Header Files</Filter>
    </ClInclude>
    <ClInclude Include="Src\DataSource\NonQuotedString.h">
      <Filter>Header Files</Filter>
    </ClInclude>
    <ClInclude Include="Src\DataSource\QuotedString.h">
      <Filter>Header Files</Filter>
    </ClInclude>
    <ClInclude Include="Src\Core\GetLastErrorAsString.h">
      <Filter>Header Files</Filter>
    </ClInclude>
    <ClInclude Include="Src\Provider\PDH\PdhQuery.h">
      <Filter>Header Files</Filter>
    </ClInclude>
    <ClInclude Include="Src\Core\AutoIncrement.h">
      <Filter>Header Files</Filter>
    </ClInclude>
    <ClInclude Include="Src\Provider\SourceInfo.h">
      <Filter>Header Files</Filter>
    </ClInclude>
    <ClInclude Include="Src\Provider\ProviderFactory.h">
      <Filter>Header Files</Filter>
    </ClInclude>
    <ClInclude Include="Src\Provider\BatchQuery.h">
      <Filter>Header Files</Filter>
    </ClInclude>
    <ClInclude Include="Src\Provider\PDH\PdhAdapter.h">
      <Filter>Header Files</Filter>
    </ClInclude>
    <ClInclude Include="Src\CommandLineReader.h">
      <Filter>Header Files</Filter>
    </ClInclude>
    <ClInclude Include="Src\Subprogram.h">
      <Filter>Header Files</Filter>
    </ClInclude>
    <ClInclude Include="Src\PdhDialog.h">
      <Filter>Header Files</Filter>
    </ClInclude>
    <ClInclude Include="Src\Application.h">
      <Filter>Header Files</Filter>
    </ClInclude>
    <ClInclude Include="Src\DynamicBacklight.h">
      <Filter>Header Files</Filter>
    </ClInclude>
    <ClInclude Include="Src\RangeReader.h">
      <Filter>Header Files</Filter>
    </ClInclude>
    <ClInclude Include="Src\ParsingError.h">
      <Filter>Header Files</Filter>
    </ClInclude>
    <ClInclude Include="Src\Core\Util.h">
      <Filter>Header Files</Filter>
    </ClInclude>
    <ClInclude Include="Src\Log\Logger.h">
      <Filter>Header Files</Filter>
    </ClInclude>
    <ClInclude Include="Src\Log\FileLogger.h">
      <Filter>Header Files</Filter>
    </ClInclude>
    <ClInclude Include="Src\Services\LoggerService.h">
      <Filter>Header Files</Filter>
    </ClInclude>
  </ItemGroup>
  <ItemGroup>
    <None Include="ClassDiagram.cd" />
  </ItemGroup>
</Project>